// !$*UTF8*$!
{
	archiveVersion = 1;
	classes = {
	};
	objectVersion = 50;
	objects = {

/* Begin PBXBuildFile section */
		0533AB3E23EFE56E00969B25 /* SwipeMenuViewController.swift in Sources */ = {isa = PBXBuildFile; fileRef = 0533AB3D23EFE56E00969B25 /* SwipeMenuViewController.swift */; };
		056E71C623EE8CED00E57EC9 /* AppDelegate.swift in Sources */ = {isa = PBXBuildFile; fileRef = 056E71C523EE8CED00E57EC9 /* AppDelegate.swift */; };
		056E71C823EE8CED00E57EC9 /* SceneDelegate.swift in Sources */ = {isa = PBXBuildFile; fileRef = 056E71C723EE8CED00E57EC9 /* SceneDelegate.swift */; };
		056E71CD23EE8CED00E57EC9 /* Main.storyboard in Resources */ = {isa = PBXBuildFile; fileRef = 056E71CB23EE8CED00E57EC9 /* Main.storyboard */; };
		056E71CF23EE8CEE00E57EC9 /* Assets.xcassets in Resources */ = {isa = PBXBuildFile; fileRef = 056E71CE23EE8CEE00E57EC9 /* Assets.xcassets */; };
		056E71D223EE8CEE00E57EC9 /* LaunchScreen.storyboard in Resources */ = {isa = PBXBuildFile; fileRef = 056E71D023EE8CEE00E57EC9 /* LaunchScreen.storyboard */; };
		05D22E5123F7B2B900350509 /* SwipeMenuViewController.framework in Frameworks */ = {isa = PBXBuildFile; fileRef = 05D22E5023F7B2B900350509 /* SwipeMenuViewController.framework */; };
		05D22E5223F7B2B900350509 /* SwipeMenuViewController.framework in Embed Frameworks */ = {isa = PBXBuildFile; fileRef = 05D22E5023F7B2B900350509 /* SwipeMenuViewController.framework */; settings = {ATTRIBUTES = (CodeSignOnCopy, RemoveHeadersOnCopy, ); }; };
/* End PBXBuildFile section */

/* Begin PBXCopyFilesBuildPhase section */
		05D22E5323F7B2B900350509 /* Embed Frameworks */ = {
			isa = PBXCopyFilesBuildPhase;
			buildActionMask = 2147483647;
			dstPath = "";
			dstSubfolderSpec = 10;
			files = (
				05D22E5223F7B2B900350509 /* SwipeMenuViewController.framework in Embed Frameworks */,
			);
			name = "Embed Frameworks";
			runOnlyForDeploymentPostprocessing = 0;
		};
/* End PBXCopyFilesBuildPhase section */

/* Begin PBXFileReference section */
		0533AB3D23EFE56E00969B25 /* SwipeMenuViewController.swift */ = {isa = PBXFileReference; lastKnownFileType = sourcecode.swift; path = SwipeMenuViewController.swift; sourceTree = "<group>"; };
		056E71C223EE8CED00E57EC9 /* SwipeMenuViewControllerTP.app */ = {isa = PBXFileReference; explicitFileType = wrapper.application; includeInIndex = 0; path = SwipeMenuViewControllerTP.app; sourceTree = BUILT_PRODUCTS_DIR; };
		056E71C523EE8CED00E57EC9 /* AppDelegate.swift */ = {isa = PBXFileReference; lastKnownFileType = sourcecode.swift; path = AppDelegate.swift; sourceTree = "<group>"; };
		056E71C723EE8CED00E57EC9 /* SceneDelegate.swift */ = {isa = PBXFileReference; lastKnownFileType = sourcecode.swift; path = SceneDelegate.swift; sourceTree = "<group>"; };
		056E71CC23EE8CED00E57EC9 /* Base */ = {isa = PBXFileReference; lastKnownFileType = file.storyboard; name = Base; path = Base.lproj/Main.storyboard; sourceTree = "<group>"; };
		056E71CE23EE8CEE00E57EC9 /* Assets.xcassets */ = {isa = PBXFileReference; lastKnownFileType = folder.assetcatalog; path = Assets.xcassets; sourceTree = "<group>"; };
		056E71D123EE8CEE00E57EC9 /* Base */ = {isa = PBXFileReference; lastKnownFileType = file.storyboard; name = Base; path = Base.lproj/LaunchScreen.storyboard; sourceTree = "<group>"; };
		056E71D323EE8CEE00E57EC9 /* Info.plist */ = {isa = PBXFileReference; lastKnownFileType = text.plist.xml; path = Info.plist; sourceTree = "<group>"; };
		05D22E5023F7B2B900350509 /* SwipeMenuViewController.framework */ = {isa = PBXFileReference; lastKnownFileType = wrapper.framework; name = SwipeMenuViewController.framework; path = Carthage/Build/iOS/SwipeMenuViewController.framework; sourceTree = "<group>"; };
/* End PBXFileReference section */

/* Begin PBXFrameworksBuildPhase section */
		056E71BF23EE8CED00E57EC9 /* Frameworks */ = {
			isa = PBXFrameworksBuildPhase;
			buildActionMask = 2147483647;
			files = (
				05D22E5123F7B2B900350509 /* SwipeMenuViewController.framework in Frameworks */,
			);
			runOnlyForDeploymentPostprocessing = 0;
		};
/* End PBXFrameworksBuildPhase section */

/* Begin PBXGroup section */
		056E71B923EE8CED00E57EC9 = {
			isa = PBXGroup;
			children = (
				056E71C423EE8CED00E57EC9 /* SwipeMenuViewControllerTP */,
				056E71C323EE8CED00E57EC9 /* Products */,
				B1F1A3182315491A108291B6 /* Frameworks */,
			);
			sourceTree = "<group>";
		};
		056E71C323EE8CED00E57EC9 /* Products */ = {
			isa = PBXGroup;
			children = (
				056E71C223EE8CED00E57EC9 /* SwipeMenuViewControllerTP.app */,
			);
			name = Products;
			sourceTree = "<group>";
		};
		056E71C423EE8CED00E57EC9 /* SwipeMenuViewControllerTP */ = {
			isa = PBXGroup;
			children = (
				056E71C523EE8CED00E57EC9 /* AppDelegate.swift */,
				056E71C723EE8CED00E57EC9 /* SceneDelegate.swift */,
				056E71D023EE8CEE00E57EC9 /* LaunchScreen.storyboard */,
				056E71CB23EE8CED00E57EC9 /* Main.storyboard */,
				0533AB3D23EFE56E00969B25 /* SwipeMenuViewController.swift */,
				056E71CE23EE8CEE00E57EC9 /* Assets.xcassets */,
				056E71D323EE8CEE00E57EC9 /* Info.plist */,
			);
			path = SwipeMenuViewControllerTP;
			sourceTree = "<group>";
		};
		B1F1A3182315491A108291B6 /* Frameworks */ = {
			isa = PBXGroup;
			children = (
				05D22E5023F7B2B900350509 /* SwipeMenuViewController.framework */,
			);
			name = Frameworks;
			sourceTree = "<group>";
		};
/* End PBXGroup section */

/* Begin PBXNativeTarget section */
		056E71C123EE8CED00E57EC9 /* SwipeMenuViewControllerTP */ = {
			isa = PBXNativeTarget;
			buildConfigurationList = 056E71D623EE8CEE00E57EC9 /* Build configuration list for PBXNativeTarget "SwipeMenuViewControllerTP" */;
			buildPhases = (
				056E71BE23EE8CED00E57EC9 /* Sources */,
				056E71BF23EE8CED00E57EC9 /* Frameworks */,
				056E71C023EE8CED00E57EC9 /* Resources */,
				05D22E5323F7B2B900350509 /* Embed Frameworks */,
			);
			buildRules = (
			);
			dependencies = (
			);
			name = SwipeMenuViewControllerTP;
			packageProductDependencies = (
			);
			productName = PhotoViewer;
			productReference = 056E71C223EE8CED00E57EC9 /* SwipeMenuViewControllerTP.app */;
			productType = "com.apple.product-type.application";
		};
/* End PBXNativeTarget section */

/* Begin PBXProject section */
		056E71BA23EE8CED00E57EC9 /* Project object */ = {
			isa = PBXProject;
			attributes = {
				LastSwiftUpdateCheck = 1130;
				LastUpgradeCheck = 1130;
				ORGANIZATIONNAME = zizi4n5;
				TargetAttributes = {
					056E71C123EE8CED00E57EC9 = {
						CreatedOnToolsVersion = 11.3.1;
					};
				};
			};
			buildConfigurationList = 056E71BD23EE8CED00E57EC9 /* Build configuration list for PBXProject "SwipeMenuViewControllerTP" */;
			compatibilityVersion = "Xcode 9.3";
			developmentRegion = ja_JP;
			hasScannedForEncodings = 0;
			knownRegions = (
				ja_JP,
				Base,
			);
			mainGroup = 056E71B923EE8CED00E57EC9;
			packageReferences = (
			);
			productRefGroup = 056E71C323EE8CED00E57EC9 /* Products */;
			projectDirPath = "";
			projectRoot = "";
			targets = (
				056E71C123EE8CED00E57EC9 /* SwipeMenuViewControllerTP */,
			);
		};
/* End PBXProject section */

/* Begin PBXResourcesBuildPhase section */
		056E71C023EE8CED00E57EC9 /* Resources */ = {
			isa = PBXResourcesBuildPhase;
			buildActionMask = 2147483647;
			files = (
				056E71D223EE8CEE00E57EC9 /* LaunchScreen.storyboard in Resources */,
				056E71CF23EE8CEE00E57EC9 /* Assets.xcassets in Resources */,
				056E71CD23EE8CED00E57EC9 /* Main.storyboard in Resources */,
			);
			runOnlyForDeploymentPostprocessing = 0;
		};
/* End PBXResourcesBuildPhase section */

/* Begin PBXSourcesBuildPhase section */
		056E71BE23EE8CED00E57EC9 /* Sources */ = {
			isa = PBXSourcesBuildPhase;
			buildActionMask = 2147483647;
			files = (
				0533AB3E23EFE56E00969B25 /* SwipeMenuViewController.swift in Sources */,
				056E71C623EE8CED00E57EC9 /* AppDelegate.swift in Sources */,
				056E71C823EE8CED00E57EC9 /* SceneDelegate.swift in Sources */,
			);
			runOnlyForDeploymentPostprocessing = 0;
		};
/* End PBXSourcesBuildPhase section */

/* Begin PBXVariantGroup section */
		056E71CB23EE8CED00E57EC9 /* Main.storyboard */ = {
			isa = PBXVariantGroup;
			children = (
				056E71CC23EE8CED00E57EC9 /* Base */,
			);
			name = Main.storyboard;
			sourceTree = "<group>";
		};
		056E71D023EE8CEE00E57EC9 /* LaunchScreen.storyboard */ = {
			isa = PBXVariantGroup;
			children = (
				056E71D123EE8CEE00E57EC9 /* Base */,
			);
			name = LaunchScreen.storyboard;
			sourceTree = "<group>";
		};
/* End PBXVariantGroup section */

/* Begin XCBuildConfiguration section */
		056E71D423EE8CEE00E57EC9 /* Debug */ = {
			isa = XCBuildConfiguration;
			buildSettings = {
				ALWAYS_SEARCH_USER_PATHS = NO;
				CLANG_ANALYZER_NONNULL = YES;
				CLANG_ANALYZER_NUMBER_OBJECT_CONVERSION = YES_AGGRESSIVE;
				CLANG_CXX_LANGUAGE_STANDARD = "gnu++14";
				CLANG_CXX_LIBRARY = "libc++";
				CLANG_ENABLE_MODULES = YES;
				CLANG_ENABLE_OBJC_ARC = YES;
				CLANG_ENABLE_OBJC_WEAK = YES;
				CLANG_WARN_BLOCK_CAPTURE_AUTORELEASING = YES;
				CLANG_WARN_BOOL_CONVERSION = YES;
				CLANG_WARN_COMMA = YES;
				CLANG_WARN_CONSTANT_CONVERSION = YES;
				CLANG_WARN_DEPRECATED_OBJC_IMPLEMENTATIONS = YES;
				CLANG_WARN_DIRECT_OBJC_ISA_USAGE = YES_ERROR;
				CLANG_WARN_DOCUMENTATION_COMMENTS = YES;
				CLANG_WARN_EMPTY_BODY = YES;
				CLANG_WARN_ENUM_CONVERSION = YES;
				CLANG_WARN_INFINITE_RECURSION = YES;
				CLANG_WARN_INT_CONVERSION = YES;
				CLANG_WARN_NON_LITERAL_NULL_CONVERSION = YES;
				CLANG_WARN_OBJC_IMPLICIT_RETAIN_SELF = YES;
				CLANG_WARN_OBJC_LITERAL_CONVERSION = YES;
				CLANG_WARN_OBJC_ROOT_CLASS = YES_ERROR;
				CLANG_WARN_RANGE_LOOP_ANALYSIS = YES;
				CLANG_WARN_STRICT_PROTOTYPES = YES;
				CLANG_WARN_SUSPICIOUS_MOVE = YES;
				CLANG_WARN_UNGUARDED_AVAILABILITY = YES_AGGRESSIVE;
				CLANG_WARN_UNREACHABLE_CODE = YES;
				CLANG_WARN__DUPLICATE_METHOD_MATCH = YES;
				COPY_PHASE_STRIP = NO;
				DEBUG_INFORMATION_FORMAT = dwarf;
				ENABLE_STRICT_OBJC_MSGSEND = YES;
				ENABLE_TESTABILITY = YES;
				GCC_C_LANGUAGE_STANDARD = gnu11;
				GCC_DYNAMIC_NO_PIC = NO;
				GCC_NO_COMMON_BLOCKS = YES;
				GCC_OPTIMIZATION_LEVEL = 0;
				GCC_PREPROCESSOR_DEFINITIONS = (
					"DEBUG=1",
					"$(inherited)",
				);
				GCC_WARN_64_TO_32_BIT_CONVERSION = YES;
				GCC_WARN_ABOUT_RETURN_TYPE = YES_ERROR;
				GCC_WARN_UNDECLARED_SELECTOR = YES;
				GCC_WARN_UNINITIALIZED_AUTOS = YES_AGGRESSIVE;
				GCC_WARN_UNUSED_FUNCTION = YES;
				GCC_WARN_UNUSED_VARIABLE = YES;
				IPHONEOS_DEPLOYMENT_TARGET = 13.2;
				MTL_ENABLE_DEBUG_INFO = INCLUDE_SOURCE;
				MTL_FAST_MATH = YES;
				ONLY_ACTIVE_ARCH = YES;
				SDKROOT = iphoneos;
				SWIFT_ACTIVE_COMPILATION_CONDITIONS = DEBUG;
				SWIFT_OPTIMIZATION_LEVEL = "-Onone";
			};
			name = Debug;
		};
		056E71D523EE8CEE00E57EC9 /* Release */ = {
			isa = XCBuildConfiguration;
			buildSettings = {
				ALWAYS_SEARCH_USER_PATHS = NO;
				CLANG_ANALYZER_NONNULL = YES;
				CLANG_ANALYZER_NUMBER_OBJECT_CONVERSION = YES_AGGRESSIVE;
				CLANG_CXX_LANGUAGE_STANDARD = "gnu++14";
				CLANG_CXX_LIBRARY = "libc++";
				CLANG_ENABLE_MODULES = YES;
				CLANG_ENABLE_OBJC_ARC = YES;
				CLANG_ENABLE_OBJC_WEAK = YES;
				CLANG_WARN_BLOCK_CAPTURE_AUTORELEASING = YES;
				CLANG_WARN_BOOL_CONVERSION = YES;
				CLANG_WARN_COMMA = YES;
				CLANG_WARN_CONSTANT_CONVERSION = YES;
				CLANG_WARN_DEPRECATED_OBJC_IMPLEMENTATIONS = YES;
				CLANG_WARN_DIRECT_OBJC_ISA_USAGE = YES_ERROR;
				CLANG_WARN_DOCUMENTATION_COMMENTS = YES;
				CLANG_WARN_EMPTY_BODY = YES;
				CLANG_WARN_ENUM_CONVERSION = YES;
				CLANG_WARN_INFINITE_RECURSION = YES;
				CLANG_WARN_INT_CONVERSION = YES;
				CLANG_WARN_NON_LITERAL_NULL_CONVERSION = YES;
				CLANG_WARN_OBJC_IMPLICIT_RETAIN_SELF = YES;
				CLANG_WARN_OBJC_LITERAL_CONVERSION = YES;
				CLANG_WARN_OBJC_ROOT_CLASS = YES_ERROR;
				CLANG_WARN_RANGE_LOOP_ANALYSIS = YES;
				CLANG_WARN_STRICT_PROTOTYPES = YES;
				CLANG_WARN_SUSPICIOUS_MOVE = YES;
				CLANG_WARN_UNGUARDED_AVAILABILITY = YES_AGGRESSIVE;
				CLANG_WARN_UNREACHABLE_CODE = YES;
				CLANG_WARN__DUPLICATE_METHOD_MATCH = YES;
				COPY_PHASE_STRIP = NO;
				DEBUG_INFORMATION_FORMAT = "dwarf-with-dsym";
				ENABLE_NS_ASSERTIONS = NO;
				ENABLE_STRICT_OBJC_MSGSEND = YES;
				GCC_C_LANGUAGE_STANDARD = gnu11;
				GCC_NO_COMMON_BLOCKS = YES;
				GCC_WARN_64_TO_32_BIT_CONVERSION = YES;
				GCC_WARN_ABOUT_RETURN_TYPE = YES_ERROR;
				GCC_WARN_UNDECLARED_SELECTOR = YES;
				GCC_WARN_UNINITIALIZED_AUTOS = YES_AGGRESSIVE;
				GCC_WARN_UNUSED_FUNCTION = YES;
				GCC_WARN_UNUSED_VARIABLE = YES;
				IPHONEOS_DEPLOYMENT_TARGET = 13.2;
				MTL_ENABLE_DEBUG_INFO = NO;
				MTL_FAST_MATH = YES;
				SDKROOT = iphoneos;
				SWIFT_COMPILATION_MODE = wholemodule;
				SWIFT_OPTIMIZATION_LEVEL = "-O";
				VALIDATE_PRODUCT = YES;
			};
			name = Release;
		};
		056E71D723EE8CEE00E57EC9 /* Debug */ = {
			isa = XCBuildConfiguration;
			buildSettings = {
				ASSETCATALOG_COMPILER_APPICON_NAME = AppIcon;
				CODE_SIGN_STYLE = Automatic;
				DEVELOPMENT_TEAM = G828R8B6AG;
				FRAMEWORK_SEARCH_PATHS = (
					"$(inherited)",
					"$(PROJECT_DIR)/Carthage/Build/iOS",
				);
				INFOPLIST_FILE = SwipeMenuViewControllerTP/Info.plist;
				LD_RUNPATH_SEARCH_PATHS = (
					"$(inherited)",
					"@executable_path/Frameworks",
				);
				PRODUCT_BUNDLE_IDENTIFIER = "zizi4n5.-SwipeMenuViewControllerTP";
				PRODUCT_NAME = SwipeMenuViewControllerTP;
				SWIFT_VERSION = 5.0;
				TARGETED_DEVICE_FAMILY = "1,2";
			};
			name = Debug;
		};
		056E71D823EE8CEE00E57EC9 /* Release */ = {
			isa = XCBuildConfiguration;
			buildSettings = {
				ASSETCATALOG_COMPILER_APPICON_NAME = AppIcon;
				CODE_SIGN_STYLE = Automatic;
				DEVELOPMENT_TEAM = G828R8B6AG;
				FRAMEWORK_SEARCH_PATHS = (
					"$(inherited)",
					"$(PROJECT_DIR)/Carthage/Build/iOS",
				);
				INFOPLIST_FILE = SwipeMenuViewControllerTP/Info.plist;
				LD_RUNPATH_SEARCH_PATHS = (
					"$(inherited)",
					"@executable_path/Frameworks",
				);
				PRODUCT_BUNDLE_IDENTIFIER = "zizi4n5.-SwipeMenuViewControllerTP";
				PRODUCT_NAME = SwipeMenuViewControllerTP;
				SWIFT_VERSION = 5.0;
				TARGETED_DEVICE_FAMILY = "1,2";
			};
			name = Release;
		};
/* End XCBuildConfiguration section */

/* Begin XCConfigurationList section */
		056E71BD23EE8CED00E57EC9 /* Build configuration list for PBXProject "SwipeMenuViewControllerTP" */ = {
			isa = XCConfigurationList;
			buildConfigurations = (
				056E71D423EE8CEE00E57EC9 /* Debug */,
				056E71D523EE8CEE00E57EC9 /* Release */,
			);
			defaultConfigurationIsVisible = 0;
			defaultConfigurationName = Release;
		};
		056E71D623EE8CEE00E57EC9 /* Build configuration list for PBXNativeTarget "SwipeMenuViewControllerTP" */ = {
			isa = XCConfigurationList;
			buildConfigurations = (
				056E71D723EE8CEE00E57EC9 /* Debug */,
				056E71D823EE8CEE00E57EC9 /* Release */,
			);
			defaultConfigurationIsVisible = 0;
			defaultConfigurationName = Release;
		};
/* End XCConfigurationList section */
	};
	rootObject = 056E71BA23EE8CED00E57EC9 /* Project object */;
}
